// !$*UTF8*$!
{
	archiveVersion = 1;
	classes = {
	};
	objectVersion = 51;
	objects = {

/* Begin PBXBuildFile section */
		058BC11B145FEA8830555319 /* Pods_MomentsTests.framework in Frameworks */ = {isa = PBXBuildFile; fileRef = 2498DDC750D93A81D0764D7F /* Pods_MomentsTests.framework */; };
		4B888330E14A9DD8127DC884 /* Pods_Moments_MomentsUITests.framework in Frameworks */ = {isa = PBXBuildFile; fileRef = 6E0CEF988DDCDD2AB1D8C27D /* Pods_Moments_MomentsUITests.framework */; };
		5804A383BD2D541D3F2086F8 /* Pods_Moments.framework in Frameworks */ = {isa = PBXBuildFile; fileRef = 9E229C592220436368A8C525 /* Pods_Moments.framework */; };
		DD202F522545CE98002480AB /* AppDelegate.swift in Sources */ = {isa = PBXBuildFile; fileRef = DD202F512545CE98002480AB /* AppDelegate.swift */; };
		DD202F542545CE98002480AB /* SceneDelegate.swift in Sources */ = {isa = PBXBuildFile; fileRef = DD202F532545CE98002480AB /* SceneDelegate.swift */; };
		DD202F592545CE98002480AB /* Main.storyboard in Resources */ = {isa = PBXBuildFile; fileRef = DD202F572545CE98002480AB /* Main.storyboard */; };
		DD202F5B2545CE9B002480AB /* Assets.xcassets in Resources */ = {isa = PBXBuildFile; fileRef = DD202F5A2545CE9B002480AB /* Assets.xcassets */; };
		DD202F5E2545CE9B002480AB /* LaunchScreen.storyboard in Resources */ = {isa = PBXBuildFile; fileRef = DD202F5C2545CE9B002480AB /* LaunchScreen.storyboard */; };
		DD202F692545CE9B002480AB /* MomentsTests.swift in Sources */ = {isa = PBXBuildFile; fileRef = DD202F682545CE9B002480AB /* MomentsTests.swift */; };
		DD202F742545CE9B002480AB /* MomentsUITests.swift in Sources */ = {isa = PBXBuildFile; fileRef = DD202F732545CE9B002480AB /* MomentsUITests.swift */; };
		DD202FA02545D1BF002480AB /* LoginViewController.swift in Sources */ = {isa = PBXBuildFile; fileRef = DD202F9F2545D1BF002480AB /* LoginViewController.swift */; };
		DD202FA52545D1CA002480AB /* FeedViewController.swift in Sources */ = {isa = PBXBuildFile; fileRef = DD202FA42545D1CA002480AB /* FeedViewController.swift */; };
		DD202FCB2545E6C8002480AB /* CameraViewController.swift in Sources */ = {isa = PBXBuildFile; fileRef = DD202FCA2545E6C8002480AB /* CameraViewController.swift */; };
		DD202FFD2545F888002480AB /* FeedCell.swift in Sources */ = {isa = PBXBuildFile; fileRef = DD202FFC2545F888002480AB /* FeedCell.swift */; };
/* End PBXBuildFile section */

/* Begin PBXContainerItemProxy section */
		DD202F652545CE9B002480AB /* PBXContainerItemProxy */ = {
			isa = PBXContainerItemProxy;
			containerPortal = DD202F462545CE98002480AB /* Project object */;
			proxyType = 1;
			remoteGlobalIDString = DD202F4D2545CE98002480AB;
			remoteInfo = Moments;
		};
		DD202F702545CE9B002480AB /* PBXContainerItemProxy */ = {
			isa = PBXContainerItemProxy;
			containerPortal = DD202F462545CE98002480AB /* Project object */;
			proxyType = 1;
			remoteGlobalIDString = DD202F4D2545CE98002480AB;
			remoteInfo = Moments;
		};
/* End PBXContainerItemProxy section */

/* Begin PBXFileReference section */
		2498DDC750D93A81D0764D7F /* Pods_MomentsTests.framework */ = {isa = PBXFileReference; explicitFileType = wrapper.framework; includeInIndex = 0; path = Pods_MomentsTests.framework; sourceTree = BUILT_PRODUCTS_DIR; };
		2CA4370C4EBF87B44BC1F756 /* Pods-MomentsTests.debug.xcconfig */ = {isa = PBXFileReference; includeInIndex = 1; lastKnownFileType = text.xcconfig; name = "Pods-MomentsTests.debug.xcconfig"; path = "Target Support Files/Pods-MomentsTests/Pods-MomentsTests.debug.xcconfig"; sourceTree = "<group>"; };
		659AD9852E1F73B18637B119 /* Pods-Moments.release.xcconfig */ = {isa = PBXFileReference; includeInIndex = 1; lastKnownFileType = text.xcconfig; name = "Pods-Moments.release.xcconfig"; path = "Target Support Files/Pods-Moments/Pods-Moments.release.xcconfig"; sourceTree = "<group>"; };
		6E0CEF988DDCDD2AB1D8C27D /* Pods_Moments_MomentsUITests.framework */ = {isa = PBXFileReference; explicitFileType = wrapper.framework; includeInIndex = 0; path = Pods_Moments_MomentsUITests.framework; sourceTree = BUILT_PRODUCTS_DIR; };
		999FF212F242F8555A950EBD /* Pods-Moments-MomentsUITests.release.xcconfig */ = {isa = PBXFileReference; includeInIndex = 1; lastKnownFileType = text.xcconfig; name = "Pods-Moments-MomentsUITests.release.xcconfig"; path = "Target Support Files/Pods-Moments-MomentsUITests/Pods-Moments-MomentsUITests.release.xcconfig"; sourceTree = "<group>"; };
		9E229C592220436368A8C525 /* Pods_Moments.framework */ = {isa = PBXFileReference; explicitFileType = wrapper.framework; includeInIndex = 0; path = Pods_Moments.framework; sourceTree = BUILT_PRODUCTS_DIR; };
		C8883AEC55CA453B9242119C /* Pods-MomentsTests.release.xcconfig */ = {isa = PBXFileReference; includeInIndex = 1; lastKnownFileType = text.xcconfig; name = "Pods-MomentsTests.release.xcconfig"; path = "Target Support Files/Pods-MomentsTests/Pods-MomentsTests.release.xcconfig"; sourceTree = "<group>"; };
		DD202F4E2545CE98002480AB /* Moments.app */ = {isa = PBXFileReference; explicitFileType = wrapper.application; includeInIndex = 0; path = Moments.app; sourceTree = BUILT_PRODUCTS_DIR; };
		DD202F512545CE98002480AB /* AppDelegate.swift */ = {isa = PBXFileReference; lastKnownFileType = sourcecode.swift; path = AppDelegate.swift; sourceTree = "<group>"; };
		DD202F532545CE98002480AB /* SceneDelegate.swift */ = {isa = PBXFileReference; lastKnownFileType = sourcecode.swift; path = SceneDelegate.swift; sourceTree = "<group>"; };
		DD202F582545CE98002480AB /* Base */ = {isa = PBXFileReference; lastKnownFileType = file.storyboard; name = Base; path = Base.lproj/Main.storyboard; sourceTree = "<group>"; };
		DD202F5A2545CE9B002480AB /* Assets.xcassets */ = {isa = PBXFileReference; lastKnownFileType = folder.assetcatalog; path = Assets.xcassets; sourceTree = "<group>"; };
		DD202F5D2545CE9B002480AB /* Base */ = {isa = PBXFileReference; lastKnownFileType = file.storyboard; name = Base; path = Base.lproj/LaunchScreen.storyboard; sourceTree = "<group>"; };
		DD202F5F2545CE9B002480AB /* Info.plist */ = {isa = PBXFileReference; lastKnownFileType = text.plist.xml; path = Info.plist; sourceTree = "<group>"; };
		DD202F642545CE9B002480AB /* MomentsTests.xctest */ = {isa = PBXFileReference; explicitFileType = wrapper.cfbundle; includeInIndex = 0; path = MomentsTests.xctest; sourceTree = BUILT_PRODUCTS_DIR; };
		DD202F682545CE9B002480AB /* MomentsTests.swift */ = {isa = PBXFileReference; lastKnownFileType = sourcecode.swift; path = MomentsTests.swift; sourceTree = "<group>"; };
		DD202F6A2545CE9B002480AB /* Info.plist */ = {isa = PBXFileReference; lastKnownFileType = text.plist.xml; path = Info.plist; sourceTree = "<group>"; };
		DD202F6F2545CE9B002480AB /* MomentsUITests.xctest */ = {isa = PBXFileReference; explicitFileType = wrapper.cfbundle; includeInIndex = 0; path = MomentsUITests.xctest; sourceTree = BUILT_PRODUCTS_DIR; };
		DD202F732545CE9B002480AB /* MomentsUITests.swift */ = {isa = PBXFileReference; lastKnownFileType = sourcecode.swift; path = MomentsUITests.swift; sourceTree = "<group>"; };
		DD202F752545CE9B002480AB /* Info.plist */ = {isa = PBXFileReference; lastKnownFileType = text.plist.xml; path = Info.plist; sourceTree = "<group>"; };
		DD202F9F2545D1BF002480AB /* LoginViewController.swift */ = {isa = PBXFileReference; lastKnownFileType = sourcecode.swift; path = LoginViewController.swift; sourceTree = "<group>"; };
		DD202FA42545D1CA002480AB /* FeedViewController.swift */ = {isa = PBXFileReference; lastKnownFileType = sourcecode.swift; path = FeedViewController.swift; sourceTree = "<group>"; };
		DD202FCA2545E6C8002480AB /* CameraViewController.swift */ = {isa = PBXFileReference; lastKnownFileType = sourcecode.swift; path = CameraViewController.swift; sourceTree = "<group>"; };
		DD202FFC2545F888002480AB /* FeedCell.swift */ = {isa = PBXFileReference; lastKnownFileType = sourcecode.swift; path = FeedCell.swift; sourceTree = "<group>"; };
		F004E6A04C26ACFE09C2F066 /* Pods-Moments.debug.xcconfig */ = {isa = PBXFileReference; includeInIndex = 1; lastKnownFileType = text.xcconfig; name = "Pods-Moments.debug.xcconfig"; path = "Target Support Files/Pods-Moments/Pods-Moments.debug.xcconfig"; sourceTree = "<group>"; };
		F27ED09B5F3FD98DF2B99697 /* Pods-Moments-MomentsUITests.debug.xcconfig */ = {isa = PBXFileReference; includeInIndex = 1; lastKnownFileType = text.xcconfig; name = "Pods-Moments-MomentsUITests.debug.xcconfig"; path = "Target Support Files/Pods-Moments-MomentsUITests/Pods-Moments-MomentsUITests.debug.xcconfig"; sourceTree = "<group>"; };
/* End PBXFileReference section */

/* Begin PBXFrameworksBuildPhase section */
		DD202F4B2545CE98002480AB /* Frameworks */ = {
			isa = PBXFrameworksBuildPhase;
			buildActionMask = 2147483647;
			files = (
				5804A383BD2D541D3F2086F8 /* Pods_Moments.framework in Frameworks */,
			);
			runOnlyForDeploymentPostprocessing = 0;
		};
		DD202F612545CE9B002480AB /* Frameworks */ = {
			isa = PBXFrameworksBuildPhase;
			buildActionMask = 2147483647;
			files = (
				058BC11B145FEA8830555319 /* Pods_MomentsTests.framework in Frameworks */,
			);
			runOnlyForDeploymentPostprocessing = 0;
		};
		DD202F6C2545CE9B002480AB /* Frameworks */ = {
			isa = PBXFrameworksBuildPhase;
			buildActionMask = 2147483647;
			files = (
				4B888330E14A9DD8127DC884 /* Pods_Moments_MomentsUITests.framework in Frameworks */,
			);
			runOnlyForDeploymentPostprocessing = 0;
		};
/* End PBXFrameworksBuildPhase section */

/* Begin PBXGroup section */
		6D95E9AB1F9798BCFFD810C4 /* Frameworks */ = {
			isa = PBXGroup;
			children = (
				9E229C592220436368A8C525 /* Pods_Moments.framework */,
				6E0CEF988DDCDD2AB1D8C27D /* Pods_Moments_MomentsUITests.framework */,
				2498DDC750D93A81D0764D7F /* Pods_MomentsTests.framework */,
			);
			name = Frameworks;
			sourceTree = "<group>";
		};
		DD202F452545CE98002480AB = {
			isa = PBXGroup;
			children = (
				DD202F502545CE98002480AB /* Moments */,
				DD202F672545CE9B002480AB /* MomentsTests */,
				DD202F722545CE9B002480AB /* MomentsUITests */,
				DD202F4F2545CE98002480AB /* Products */,
				F1A26625797C14CAAE9C07E2 /* Pods */,
				6D95E9AB1F9798BCFFD810C4 /* Frameworks */,
			);
			sourceTree = "<group>";
		};
		DD202F4F2545CE98002480AB /* Products */ = {
			isa = PBXGroup;
			children = (
				DD202F4E2545CE98002480AB /* Moments.app */,
				DD202F642545CE9B002480AB /* MomentsTests.xctest */,
				DD202F6F2545CE9B002480AB /* MomentsUITests.xctest */,
			);
			name = Products;
			sourceTree = "<group>";
		};
		DD202F502545CE98002480AB /* Moments */ = {
			isa = PBXGroup;
			children = (
				DD202FFC2545F888002480AB /* FeedCell.swift */,
				DD202F512545CE98002480AB /* AppDelegate.swift */,
				DD202F532545CE98002480AB /* SceneDelegate.swift */,
				DD202F572545CE98002480AB /* Main.storyboard */,
				DD202FCA2545E6C8002480AB /* CameraViewController.swift */,
				DD202F9F2545D1BF002480AB /* LoginViewController.swift */,
				DD202FA42545D1CA002480AB /* FeedViewController.swift */,
				DD202F5A2545CE9B002480AB /* Assets.xcassets */,
				DD202F5C2545CE9B002480AB /* LaunchScreen.storyboard */,
				DD202F5F2545CE9B002480AB /* Info.plist */,
			);
			path = Moments;
			sourceTree = "<group>";
		};
		DD202F672545CE9B002480AB /* MomentsTests */ = {
			isa = PBXGroup;
			children = (
				DD202F682545CE9B002480AB /* MomentsTests.swift */,
				DD202F6A2545CE9B002480AB /* Info.plist */,
			);
			path = MomentsTests;
			sourceTree = "<group>";
		};
		DD202F722545CE9B002480AB /* MomentsUITests */ = {
			isa = PBXGroup;
			children = (
				DD202F732545CE9B002480AB /* MomentsUITests.swift */,
				DD202F752545CE9B002480AB /* Info.plist */,
			);
			path = MomentsUITests;
			sourceTree = "<group>";
		};
		F1A26625797C14CAAE9C07E2 /* Pods */ = {
			isa = PBXGroup;
			children = (
				F004E6A04C26ACFE09C2F066 /* Pods-Moments.debug.xcconfig */,
				659AD9852E1F73B18637B119 /* Pods-Moments.release.xcconfig */,
				F27ED09B5F3FD98DF2B99697 /* Pods-Moments-MomentsUITests.debug.xcconfig */,
				999FF212F242F8555A950EBD /* Pods-Moments-MomentsUITests.release.xcconfig */,
				2CA4370C4EBF87B44BC1F756 /* Pods-MomentsTests.debug.xcconfig */,
				C8883AEC55CA453B9242119C /* Pods-MomentsTests.release.xcconfig */,
			);
			path = Pods;
			sourceTree = "<group>";
		};
/* End PBXGroup section */

/* Begin PBXNativeTarget section */
		DD202F4D2545CE98002480AB /* Moments */ = {
			isa = PBXNativeTarget;
			buildConfigurationList = DD202F782545CE9B002480AB /* Build configuration list for PBXNativeTarget "Moments" */;
			buildPhases = (
				1B3FCEC9732988470C9051A9 /* [CP] Check Pods Manifest.lock */,
				DD202F4A2545CE98002480AB /* Sources */,
				DD202F4B2545CE98002480AB /* Frameworks */,
				DD202F4C2545CE98002480AB /* Resources */,
				6430EC0B6693C3DF7DEBCD1C /* [CP] Embed Pods Frameworks */,
			);
			buildRules = (
			);
			dependencies = (
			);
			name = Moments;
			productName = Moments;
			productReference = DD202F4E2545CE98002480AB /* Moments.app */;
			productType = "com.apple.product-type.application";
		};
		DD202F632545CE9B002480AB /* MomentsTests */ = {
			isa = PBXNativeTarget;
			buildConfigurationList = DD202F7B2545CE9B002480AB /* Build configuration list for PBXNativeTarget "MomentsTests" */;
			buildPhases = (
				9FF77B0D9A816F39158231D7 /* [CP] Check Pods Manifest.lock */,
				DD202F602545CE9B002480AB /* Sources */,
				DD202F612545CE9B002480AB /* Frameworks */,
				DD202F622545CE9B002480AB /* Resources */,
			);
			buildRules = (
			);
			dependencies = (
				DD202F662545CE9B002480AB /* PBXTargetDependency */,
			);
			name = MomentsTests;
			productName = MomentsTests;
			productReference = DD202F642545CE9B002480AB /* MomentsTests.xctest */;
			productType = "com.apple.product-type.bundle.unit-test";
		};
		DD202F6E2545CE9B002480AB /* MomentsUITests */ = {
			isa = PBXNativeTarget;
			buildConfigurationList = DD202F7E2545CE9B002480AB /* Build configuration list for PBXNativeTarget "MomentsUITests" */;
			buildPhases = (
				ED2E67FC6B98EC618405332E /* [CP] Check Pods Manifest.lock */,
				DD202F6B2545CE9B002480AB /* Sources */,
				DD202F6C2545CE9B002480AB /* Frameworks */,
				DD202F6D2545CE9B002480AB /* Resources */,
				079E6B5F440BD32B3F863678 /* [CP] Embed Pods Frameworks */,
			);
			buildRules = (
			);
			dependencies = (
				DD202F712545CE9B002480AB /* PBXTargetDependency */,
			);
			name = MomentsUITests;
			productName = MomentsUITests;
			productReference = DD202F6F2545CE9B002480AB /* MomentsUITests.xctest */;
			productType = "com.apple.product-type.bundle.ui-testing";
		};
/* End PBXNativeTarget section */

/* Begin PBXProject section */
		DD202F462545CE98002480AB /* Project object */ = {
			isa = PBXProject;
			attributes = {
				LastSwiftUpdateCheck = 1200;
				LastUpgradeCheck = 1200;
				TargetAttributes = {
					DD202F4D2545CE98002480AB = {
						CreatedOnToolsVersion = 12.0;
					};
					DD202F632545CE9B002480AB = {
						CreatedOnToolsVersion = 12.0;
						TestTargetID = DD202F4D2545CE98002480AB;
					};
					DD202F6E2545CE9B002480AB = {
						CreatedOnToolsVersion = 12.0;
						TestTargetID = DD202F4D2545CE98002480AB;
					};
				};
			};
			buildConfigurationList = DD202F492545CE98002480AB /* Build configuration list for PBXProject "Moments" */;
			compatibilityVersion = "Xcode 9.3";
			developmentRegion = en;
			hasScannedForEncodings = 0;
			knownRegions = (
				en,
				Base,
			);
			mainGroup = DD202F452545CE98002480AB;
			productRefGroup = DD202F4F2545CE98002480AB /* Products */;
			projectDirPath = "";
			projectRoot = "";
			targets = (
				DD202F4D2545CE98002480AB /* Moments */,
				DD202F632545CE9B002480AB /* MomentsTests */,
				DD202F6E2545CE9B002480AB /* MomentsUITests */,
			);
		};
/* End PBXProject section */

/* Begin PBXResourcesBuildPhase section */
		DD202F4C2545CE98002480AB /* Resources */ = {
			isa = PBXResourcesBuildPhase;
			buildActionMask = 2147483647;
			files = (
				DD202F5E2545CE9B002480AB /* LaunchScreen.storyboard in Resources */,
				DD202F5B2545CE9B002480AB /* Assets.xcassets in Resources */,
				DD202F592545CE98002480AB /* Main.storyboard in Resources */,
			);
			runOnlyForDeploymentPostprocessing = 0;
		};
		DD202F622545CE9B002480AB /* Resources */ = {
			isa = PBXResourcesBuildPhase;
			buildActionMask = 2147483647;
			files = (
			);
			runOnlyForDeploymentPostprocessing = 0;
		};
		DD202F6D2545CE9B002480AB /* Resources */ = {
			isa = PBXResourcesBuildPhase;
			buildActionMask = 2147483647;
			files = (
			);
			runOnlyForDeploymentPostprocessing = 0;
		};
/* End PBXResourcesBuildPhase section */

/* Begin PBXShellScriptBuildPhase section */
		079E6B5F440BD32B3F863678 /* [CP] Embed Pods Frameworks */ = {
			isa = PBXShellScriptBuildPhase;
			buildActionMask = 2147483647;
			files = (
			);
			inputFileListPaths = (
				"${PODS_ROOT}/Target Support Files/Pods-Moments-MomentsUITests/Pods-Moments-MomentsUITests-frameworks-${CONFIGURATION}-input-files.xcfilelist",
			);
			name = "[CP] Embed Pods Frameworks";
			outputFileListPaths = (
				"${PODS_ROOT}/Target Support Files/Pods-Moments-MomentsUITests/Pods-Moments-MomentsUITests-frameworks-${CONFIGURATION}-output-files.xcfilelist",
			);
			runOnlyForDeploymentPostprocessing = 0;
			shellPath = /bin/sh;
			shellScript = "\"${PODS_ROOT}/Target Support Files/Pods-Moments-MomentsUITests/Pods-Moments-MomentsUITests-frameworks.sh\"\n";
			showEnvVarsInLog = 0;
		};
		1B3FCEC9732988470C9051A9 /* [CP] Check Pods Manifest.lock */ = {
			isa = PBXShellScriptBuildPhase;
			buildActionMask = 2147483647;
			files = (
			);
			inputFileListPaths = (
			);
			inputPaths = (
				"${PODS_PODFILE_DIR_PATH}/Podfile.lock",
				"${PODS_ROOT}/Manifest.lock",
			);
			name = "[CP] Check Pods Manifest.lock";
			outputFileListPaths = (
			);
			outputPaths = (
				"$(DERIVED_FILE_DIR)/Pods-Moments-checkManifestLockResult.txt",
			);
			runOnlyForDeploymentPostprocessing = 0;
			shellPath = /bin/sh;
			shellScript = "diff \"${PODS_PODFILE_DIR_PATH}/Podfile.lock\" \"${PODS_ROOT}/Manifest.lock\" > /dev/null\nif [ $? != 0 ] ; then\n    # print error to STDERR\n    echo \"error: The sandbox is not in sync with the Podfile.lock. Run 'pod install' or update your CocoaPods installation.\" >&2\n    exit 1\nfi\n# This output is used by Xcode 'outputs' to avoid re-running this script phase.\necho \"SUCCESS\" > \"${SCRIPT_OUTPUT_FILE_0}\"\n";
			showEnvVarsInLog = 0;
		};
		6430EC0B6693C3DF7DEBCD1C /* [CP] Embed Pods Frameworks */ = {
			isa = PBXShellScriptBuildPhase;
			buildActionMask = 2147483647;
			files = (
			);
			inputFileListPaths = (
				"${PODS_ROOT}/Target Support Files/Pods-Moments/Pods-Moments-frameworks-${CONFIGURATION}-input-files.xcfilelist",
			);
			name = "[CP] Embed Pods Frameworks";
			outputFileListPaths = (
				"${PODS_ROOT}/Target Support Files/Pods-Moments/Pods-Moments-frameworks-${CONFIGURATION}-output-files.xcfilelist",
			);
			runOnlyForDeploymentPostprocessing = 0;
			shellPath = /bin/sh;
			shellScript = "\"${PODS_ROOT}/Target Support Files/Pods-Moments/Pods-Moments-frameworks.sh\"\n";
			showEnvVarsInLog = 0;
		};
		9FF77B0D9A816F39158231D7 /* [CP] Check Pods Manifest.lock */ = {
			isa = PBXShellScriptBuildPhase;
			buildActionMask = 2147483647;
			files = (
			);
			inputFileListPaths = (
			);
			inputPaths = (
				"${PODS_PODFILE_DIR_PATH}/Podfile.lock",
				"${PODS_ROOT}/Manifest.lock",
			);
			name = "[CP] Check Pods Manifest.lock";
			outputFileListPaths = (
			);
			outputPaths = (
				"$(DERIVED_FILE_DIR)/Pods-MomentsTests-checkManifestLockResult.txt",
			);
			runOnlyForDeploymentPostprocessing = 0;
			shellPath = /bin/sh;
			shellScript = "diff \"${PODS_PODFILE_DIR_PATH}/Podfile.lock\" \"${PODS_ROOT}/Manifest.lock\" > /dev/null\nif [ $? != 0 ] ; then\n    # print error to STDERR\n    echo \"error: The sandbox is not in sync with the Podfile.lock. Run 'pod install' or update your CocoaPods installation.\" >&2\n    exit 1\nfi\n# This output is used by Xcode 'outputs' to avoid re-running this script phase.\necho \"SUCCESS\" > \"${SCRIPT_OUTPUT_FILE_0}\"\n";
			showEnvVarsInLog = 0;
		};
		ED2E67FC6B98EC618405332E /* [CP] Check Pods Manifest.lock */ = {
			isa = PBXShellScriptBuildPhase;
			buildActionMask = 2147483647;
			files = (
			);
			inputFileListPaths = (
			);
			inputPaths = (
				"${PODS_PODFILE_DIR_PATH}/Podfile.lock",
				"${PODS_ROOT}/Manifest.lock",
			);
			name = "[CP] Check Pods Manifest.lock";
			outputFileListPaths = (
			);
			outputPaths = (
				"$(DERIVED_FILE_DIR)/Pods-Moments-MomentsUITests-checkManifestLockResult.txt",
			);
			runOnlyForDeploymentPostprocessing = 0;
			shellPath = /bin/sh;
			shellScript = "diff \"${PODS_PODFILE_DIR_PATH}/Podfile.lock\" \"${PODS_ROOT}/Manifest.lock\" > /dev/null\nif [ $? != 0 ] ; then\n    # print error to STDERR\n    echo \"error: The sandbox is not in sync with the Podfile.lock. Run 'pod install' or update your CocoaPods installation.\" >&2\n    exit 1\nfi\n# This output is used by Xcode 'outputs' to avoid re-running this script phase.\necho \"SUCCESS\" > \"${SCRIPT_OUTPUT_FILE_0}\"\n";
			showEnvVarsInLog = 0;
		};
/* End PBXShellScriptBuildPhase section */

/* Begin PBXSourcesBuildPhase section */
		DD202F4A2545CE98002480AB /* Sources */ = {
			isa = PBXSourcesBuildPhase;
			buildActionMask = 2147483647;
			files = (
				DD202FA02545D1BF002480AB /* LoginViewController.swift in Sources */,
				DD202FCB2545E6C8002480AB /* CameraViewController.swift in Sources */,
				DD202F522545CE98002480AB /* AppDelegate.swift in Sources */,
				DD202FA52545D1CA002480AB /* FeedViewController.swift in Sources */,
				DD202F542545CE98002480AB /* SceneDelegate.swift in Sources */,
				DD202FFD2545F888002480AB /* FeedCell.swift in Sources */,
			);
			runOnlyForDeploymentPostprocessing = 0;
		};
		DD202F602545CE9B002480AB /* Sources */ = {
			isa = PBXSourcesBuildPhase;
			buildActionMask = 2147483647;
			files = (
				DD202F692545CE9B002480AB /* MomentsTests.swift in Sources */,
			);
			runOnlyForDeploymentPostprocessing = 0;
		};
		DD202F6B2545CE9B002480AB /* Sources */ = {
			isa = PBXSourcesBuildPhase;
			buildActionMask = 2147483647;
			files = (
				DD202F742545CE9B002480AB /* MomentsUITests.swift in Sources */,
			);
			runOnlyForDeploymentPostprocessing = 0;
		};
/* End PBXSourcesBuildPhase section */

/* Begin PBXTargetDependency section */
		DD202F662545CE9B002480AB /* PBXTargetDependency */ = {
			isa = PBXTargetDependency;
			target = DD202F4D2545CE98002480AB /* Moments */;
			targetProxy = DD202F652545CE9B002480AB /* PBXContainerItemProxy */;
		};
		DD202F712545CE9B002480AB /* PBXTargetDependency */ = {
			isa = PBXTargetDependency;
			target = DD202F4D2545CE98002480AB /* Moments */;
			targetProxy = DD202F702545CE9B002480AB /* PBXContainerItemProxy */;
		};
/* End PBXTargetDependency section */

/* Begin PBXVariantGroup section */
		DD202F572545CE98002480AB /* Main.storyboard */ = {
			isa = PBXVariantGroup;
			children = (
				DD202F582545CE98002480AB /* Base */,
			);
			name = Main.storyboard;
			sourceTree = "<group>";
		};
		DD202F5C2545CE9B002480AB /* LaunchScreen.storyboard */ = {
			isa = PBXVariantGroup;
			children = (
				DD202F5D2545CE9B002480AB /* Base */,
			);
			name = LaunchScreen.storyboard;
			sourceTree = "<group>";
		};
/* End PBXVariantGroup section */

/* Begin XCBuildConfiguration section */
		DD202F762545CE9B002480AB /* Debug */ = {
			isa = XCBuildConfiguration;
			buildSettings = {
				ALWAYS_SEARCH_USER_PATHS = NO;
				CLANG_ANALYZER_NONNULL = YES;
				CLANG_ANALYZER_NUMBER_OBJECT_CONVERSION = YES_AGGRESSIVE;
				CLANG_CXX_LANGUAGE_STANDARD = "gnu++14";
				CLANG_CXX_LIBRARY = "libc++";
				CLANG_ENABLE_MODULES = YES;
				CLANG_ENABLE_OBJC_ARC = YES;
				CLANG_ENABLE_OBJC_WEAK = YES;
				CLANG_WARN_BLOCK_CAPTURE_AUTORELEASING = YES;
				CLANG_WARN_BOOL_CONVERSION = YES;
				CLANG_WARN_COMMA = YES;
				CLANG_WARN_CONSTANT_CONVERSION = YES;
				CLANG_WARN_DEPRECATED_OBJC_IMPLEMENTATIONS = YES;
				CLANG_WARN_DIRECT_OBJC_ISA_USAGE = YES_ERROR;
				CLANG_WARN_DOCUMENTATION_COMMENTS = YES;
				CLANG_WARN_EMPTY_BODY = YES;
				CLANG_WARN_ENUM_CONVERSION = YES;
				CLANG_WARN_INFINITE_RECURSION = YES;
				CLANG_WARN_INT_CONVERSION = YES;
				CLANG_WARN_NON_LITERAL_NULL_CONVERSION = YES;
				CLANG_WARN_OBJC_IMPLICIT_RETAIN_SELF = YES;
				CLANG_WARN_OBJC_LITERAL_CONVERSION = YES;
				CLANG_WARN_OBJC_ROOT_CLASS = YES_ERROR;
				CLANG_WARN_QUOTED_INCLUDE_IN_FRAMEWORK_HEADER = YES;
				CLANG_WARN_RANGE_LOOP_ANALYSIS = YES;
				CLANG_WARN_STRICT_PROTOTYPES = YES;
				CLANG_WARN_SUSPICIOUS_MOVE = YES;
				CLANG_WARN_UNGUARDED_AVAILABILITY = YES_AGGRESSIVE;
				CLANG_WARN_UNREACHABLE_CODE = YES;
				CLANG_WARN__DUPLICATE_METHOD_MATCH = YES;
				COPY_PHASE_STRIP = NO;
				DEBUG_INFORMATION_FORMAT = dwarf;
				ENABLE_STRICT_OBJC_MSGSEND = YES;
				ENABLE_TESTABILITY = YES;
				GCC_C_LANGUAGE_STANDARD = gnu11;
				GCC_DYNAMIC_NO_PIC = NO;
				GCC_NO_COMMON_BLOCKS = YES;
				GCC_OPTIMIZATION_LEVEL = 0;
				GCC_PREPROCESSOR_DEFINITIONS = (
					"DEBUG=1",
					"$(inherited)",
				);
				GCC_WARN_64_TO_32_BIT_CONVERSION = YES;
				GCC_WARN_ABOUT_RETURN_TYPE = YES_ERROR;
				GCC_WARN_UNDECLARED_SELECTOR = YES;
				GCC_WARN_UNINITIALIZED_AUTOS = YES_AGGRESSIVE;
				GCC_WARN_UNUSED_FUNCTION = YES;
				GCC_WARN_UNUSED_VARIABLE = YES;
				IPHONEOS_DEPLOYMENT_TARGET = 14.0;
				MTL_ENABLE_DEBUG_INFO = INCLUDE_SOURCE;
				MTL_FAST_MATH = YES;
				ONLY_ACTIVE_ARCH = YES;
				SDKROOT = iphoneos;
				SWIFT_ACTIVE_COMPILATION_CONDITIONS = DEBUG;
				SWIFT_OPTIMIZATION_LEVEL = "-Onone";
			};
			name = Debug;
		};
		DD202F772545CE9B002480AB /* Release */ = {
			isa = XCBuildConfiguration;
			buildSettings = {
				ALWAYS_SEARCH_USER_PATHS = NO;
				CLANG_ANALYZER_NONNULL = YES;
				CLANG_ANALYZER_NUMBER_OBJECT_CONVERSION = YES_AGGRESSIVE;
				CLANG_CXX_LANGUAGE_STANDARD = "gnu++14";
				CLANG_CXX_LIBRARY = "libc++";
				CLANG_ENABLE_MODULES = YES;
				CLANG_ENABLE_OBJC_ARC = YES;
				CLANG_ENABLE_OBJC_WEAK = YES;
				CLANG_WARN_BLOCK_CAPTURE_AUTORELEASING = YES;
				CLANG_WARN_BOOL_CONVERSION = YES;
				CLANG_WARN_COMMA = YES;
				CLANG_WARN_CONSTANT_CONVERSION = YES;
				CLANG_WARN_DEPRECATED_OBJC_IMPLEMENTATIONS = YES;
				CLANG_WARN_DIRECT_OBJC_ISA_USAGE = YES_ERROR;
				CLANG_WARN_DOCUMENTATION_COMMENTS = YES;
				CLANG_WARN_EMPTY_BODY = YES;
				CLANG_WARN_ENUM_CONVERSION = YES;
				CLANG_WARN_INFINITE_RECURSION = YES;
				CLANG_WARN_INT_CONVERSION = YES;
				CLANG_WARN_NON_LITERAL_NULL_CONVERSION = YES;
				CLANG_WARN_OBJC_IMPLICIT_RETAIN_SELF = YES;
				CLANG_WARN_OBJC_LITERAL_CONVERSION = YES;
				CLANG_WARN_OBJC_ROOT_CLASS = YES_ERROR;
				CLANG_WARN_QUOTED_INCLUDE_IN_FRAMEWORK_HEADER = YES;
				CLANG_WARN_RANGE_LOOP_ANALYSIS = YES;
				CLANG_WARN_STRICT_PROTOTYPES = YES;
				CLANG_WARN_SUSPICIOUS_MOVE = YES;
				CLANG_WARN_UNGUARDED_AVAILABILITY = YES_AGGRESSIVE;
				CLANG_WARN_UNREACHABLE_CODE = YES;
				CLANG_WARN__DUPLICATE_METHOD_MATCH = YES;
				COPY_PHASE_STRIP = NO;
				DEBUG_INFORMATION_FORMAT = "dwarf-with-dsym";
				ENABLE_NS_ASSERTIONS = NO;
				ENABLE_STRICT_OBJC_MSGSEND = YES;
				GCC_C_LANGUAGE_STANDARD = gnu11;
				GCC_NO_COMMON_BLOCKS = YES;
				GCC_WARN_64_TO_32_BIT_CONVERSION = YES;
				GCC_WARN_ABOUT_RETURN_TYPE = YES_ERROR;
				GCC_WARN_UNDECLARED_SELECTOR = YES;
				GCC_WARN_UNINITIALIZED_AUTOS = YES_AGGRESSIVE;
				GCC_WARN_UNUSED_FUNCTION = YES;
				GCC_WARN_UNUSED_VARIABLE = YES;
				IPHONEOS_DEPLOYMENT_TARGET = 14.0;
				MTL_ENABLE_DEBUG_INFO = NO;
				MTL_FAST_MATH = YES;
				SDKROOT = iphoneos;
				SWIFT_COMPILATION_MODE = wholemodule;
				SWIFT_OPTIMIZATION_LEVEL = "-O";
				VALIDATE_PRODUCT = YES;
			};
			name = Release;
		};
		DD202F792545CE9B002480AB /* Debug */ = {
			isa = XCBuildConfiguration;
			baseConfigurationReference = F004E6A04C26ACFE09C2F066 /* Pods-Moments.debug.xcconfig */;
			buildSettings = {
				ASSETCATALOG_COMPILER_APPICON_NAME = AppIcon;
				ASSETCATALOG_COMPILER_GLOBAL_ACCENT_COLOR_NAME = AccentColor;
				CODE_SIGN_STYLE = Automatic;
				DEVELOPMENT_TEAM = A82CZA82GT;
				INFOPLIST_FILE = Moments/Info.plist;
				LD_RUNPATH_SEARCH_PATHS = (
					"$(inherited)",
					"@executable_path/Frameworks",
				);
				PRODUCT_BUNDLE_IDENTIFIER = dandruf.Moments;
				PRODUCT_NAME = "$(TARGET_NAME)";
				SWIFT_VERSION = 5.0;
				TARGETED_DEVICE_FAMILY = 1;
			};
			name = Debug;
		};
		DD202F7A2545CE9B002480AB /* Release */ = {
			isa = XCBuildConfiguration;
			baseConfigurationReference = 659AD9852E1F73B18637B119 /* Pods-Moments.release.xcconfig */;
			buildSettings = {
				ASSETCATALOG_COMPILER_APPICON_NAME = AppIcon;
				ASSETCATALOG_COMPILER_GLOBAL_ACCENT_COLOR_NAME = AccentColor;
				CODE_SIGN_STYLE = Automatic;
				DEVELOPMENT_TEAM = A82CZA82GT;
				INFOPLIST_FILE = Moments/Info.plist;
				LD_RUNPATH_SEARCH_PATHS = (
					"$(inherited)",
					"@executable_path/Frameworks",
				);
				PRODUCT_BUNDLE_IDENTIFIER = dandruf.Moments;
				PRODUCT_NAME = "$(TARGET_NAME)";
				SWIFT_VERSION = 5.0;
				TARGETED_DEVICE_FAMILY = 1;
			};
			name = Release;
		};
		DD202F7C2545CE9B002480AB /* Debug */ = {
			isa = XCBuildConfiguration;
			baseConfigurationReference = 2CA4370C4EBF87B44BC1F756 /* Pods-MomentsTests.debug.xcconfig */;
			buildSettings = {
				ALWAYS_EMBED_SWIFT_STANDARD_LIBRARIES = YES;
				BUNDLE_LOADER = "$(TEST_HOST)";
				CODE_SIGN_STYLE = Automatic;
				DEVELOPMENT_TEAM = A82CZA82GT;
				INFOPLIST_FILE = MomentsTests/Info.plist;
				IPHONEOS_DEPLOYMENT_TARGET = 14.0;
				LD_RUNPATH_SEARCH_PATHS = (
					"$(inherited)",
					"@executable_path/Frameworks",
					"@loader_path/Frameworks",
				);
				PRODUCT_BUNDLE_IDENTIFIER = dandruf.MomentsTests;
				PRODUCT_NAME = "$(TARGET_NAME)";
				SWIFT_VERSION = 5.0;
				TARGETED_DEVICE_FAMILY = "1,2";
				TEST_HOST = "$(BUILT_PRODUCTS_DIR)/Moments.app/Moments";
			};
			name = Debug;
		};
		DD202F7D2545CE9B002480AB /* Release */ = {
			isa = XCBuildConfiguration;
			baseConfigurationReference = C8883AEC55CA453B9242119C /* Pods-MomentsTests.release.xcconfig */;
			buildSettings = {
				ALWAYS_EMBED_SWIFT_STANDARD_LIBRARIES = YES;
				BUNDLE_LOADER = "$(TEST_HOST)";
				CODE_SIGN_STYLE = Automatic;
				DEVELOPMENT_TEAM = A82CZA82GT;
				INFOPLIST_FILE = MomentsTests/Info.plist;
				IPHONEOS_DEPLOYMENT_TARGET = 14.0;
				LD_RUNPATH_SEARCH_PATHS = (
					"$(inherited)",
					"@executable_path/Frameworks",
					"@loader_path/Frameworks",
				);
				PRODUCT_BUNDLE_IDENTIFIER = dandruf.MomentsTests;
				PRODUCT_NAME = "$(TARGET_NAME)";
				SWIFT_VERSION = 5.0;
				TARGETED_DEVICE_FAMILY = "1,2";
				TEST_HOST = "$(BUILT_PRODUCTS_DIR)/Moments.app/Moments";
			};
			name = Release;
		};
		DD202F7F2545CE9B002480AB /* Debug */ = {
			isa = XCBuildConfiguration;
			baseConfigurationReference = F27ED09B5F3FD98DF2B99697 /* Pods-Moments-MomentsUITests.debug.xcconfig */;
			buildSettings = {
				ALWAYS_EMBED_SWIFT_STANDARD_LIBRARIES = YES;
				CODE_SIGN_STYLE = Automatic;
				DEVELOPMENT_TEAM = A82CZA82GT;
				INFOPLIST_FILE = MomentsUITests/Info.plist;
				LD_RUNPATH_SEARCH_PATHS = (
					"$(inherited)",
					"@executable_path/Frameworks",
					"@loader_path/Frameworks",
				);
				PRODUCT_BUNDLE_IDENTIFIER = dandruf.MomentsUITests;
				PRODUCT_NAME = "$(TARGET_NAME)";
				SWIFT_VERSION = 5.0;
				TARGETED_DEVICE_FAMILY = "1,2";
				TEST_TARGET_NAME = Moments;
			};
			name = Debug;
		};
		DD202F802545CE9B002480AB /* Release */ = {
			isa = XCBuildConfiguration;
			baseConfigurationReference = 999FF212F242F8555A950EBD /* Pods-Moments-MomentsUITests.release.xcconfig */;
			buildSettings = {
				ALWAYS_EMBED_SWIFT_STANDARD_LIBRARIES = YES;
				CODE_SIGN_STYLE = Automatic;
				DEVELOPMENT_TEAM = A82CZA82GT;
				INFOPLIST_FILE = MomentsUITests/Info.plist;
				LD_RUNPATH_SEARCH_PATHS = (
					"$(inherited)",
					"@executable_path/Frameworks",
					"@loader_path/Frameworks",
				);
				PRODUCT_BUNDLE_IDENTIFIER = dandruf.MomentsUITests;
				PRODUCT_NAME = "$(TARGET_NAME)";
				SWIFT_VERSION = 5.0;
				TARGETED_DEVICE_FAMILY = "1,2";
				TEST_TARGET_NAME = Moments;
			};
			name = Release;
		};
/* End XCBuildConfiguration section */

/* Begin XCConfigurationList section */
		DD202F492545CE98002480AB /* Build configuration list for PBXProject "Moments" */ = {
			isa = XCConfigurationList;
			buildConfigurations = (
				DD202F762545CE9B002480AB /* Debug */,
				DD202F772545CE9B002480AB /* Release */,
			);
			defaultConfigurationIsVisible = 0;
			defaultConfigurationName = Release;
		};
		DD202F782545CE9B002480AB /* Build configuration list for PBXNativeTarget "Moments" */ = {
			isa = XCConfigurationList;
			buildConfigurations = (
				DD202F792545CE9B002480AB /* Debug */,
				DD202F7A2545CE9B002480AB /* Release */,
			);
			defaultConfigurationIsVisible = 0;
			defaultConfigurationName = Release;
		};
		DD202F7B2545CE9B002480AB /* Build configuration list for PBXNativeTarget "MomentsTests" */ = {
			isa = XCConfigurationList;
			buildConfigurations = (
				DD202F7C2545CE9B002480AB /* Debug */,
				DD202F7D2545CE9B002480AB /* Release */,
			);
			defaultConfigurationIsVisible = 0;
			defaultConfigurationName = Release;
		};
		DD202F7E2545CE9B002480AB /* Build configuration list for PBXNativeTarget "MomentsUITests" */ = {
			isa = XCConfigurationList;
			buildConfigurations = (
				DD202F7F2545CE9B002480AB /* Debug */,
				DD202F802545CE9B002480AB /* Release */,
			);
			defaultConfigurationIsVisible = 0;
			defaultConfigurationName = Release;
		};
/* End XCConfigurationList section */
	};
	rootObject = DD202F462545CE98002480AB /* Project object */;
}
